
Microsoft Visual Studio Solution File, Format Version 12.00
# Visual Studio Version 17
VisualStudioVersion = 17.13.36105.23 d17.13
MinimumVisualStudioVersion = 10.0.40219.1
Project("{FAE04EC0-301F-11D3-BF4B-00C04F79EFBC}") = "WebApplicationProductAPI", "WebApplicationProductAPI.csproj", "{8253FFAA-5E80-4633-A273-FF3187B061E2}"
EndProject
Global
	GlobalSection(SolutionConfigurationPlatforms) = preSolution
		Debug|Any CPU = Debug|Any CPU
		Release|Any CPU = Release|Any CPU
	EndGlobalSection
	GlobalSection(ProjectConfigurationPlatforms) = postSolution
		{8253FFAA-5E80-4633-A273-FF3187B061E2}.Debug|Any CPU.ActiveCfg = Debug|Any CPU
		{8253FFAA-5E80-4633-A273-FF3187B061E2}.Debug|Any CPU.Build.0 = Debug|Any CPU
		{8253FFAA-5E80-4633-A273-FF3187B061E2}.Release|Any CPU.ActiveCfg = Release|Any CPU
		{8253FFAA-5E80-4633-A273-FF3187B061E2}.Release|Any CPU.Build.0 = Release|Any CPU
	EndGlobalSection
	GlobalSection(SolutionProperties) = preSolution
		HideSolutionNode = FALSE
	EndGlobalSection
	GlobalSection(ExtensibilityGlobals) = postSolution
		SolutionGuid = {694662FD-7949-4FFD-BF98-9F882A2016BB}
	EndGlobalSection
EndGlobal
